
Microsoft Visual Studio Solution File, Format Version 12.00
# Visual Studio Version 17
VisualStudioVersion = 17.11.35303.130
MinimumVisualStudioVersion = 10.0.40219.1
Project("{FAE04EC0-301F-11D3-BF4B-00C04F79EFBC}") = "QueueSystem", "QueueSystem\QueueSystem.csproj", "{32FF1A88-7318-4CEF-823F-BC68AA139CDC}"
EndProject
Project("{FAE04EC0-301F-11D3-BF4B-00C04F79EFBC}") = "ExteanstionExceaption", "ExteanstionExceaption\ExteanstionExceaption.csproj", "{8B239CAE-D9EC-4CE6-8139-F00379FC0FCD}"
EndProject
Global
	GlobalSection(SolutionConfigurationPlatforms) = preSolution
		Debug|Any CPU = Debug|Any CPU
		Release|Any CPU = Release|Any CPU
	EndGlobalSection
	GlobalSection(ProjectConfigurationPlatforms) = postSolution
		{32FF1A88-7318-4CEF-823F-BC68AA139CDC}.Debug|Any CPU.ActiveCfg = Debug|Any CPU
		{32FF1A88-7318-4CEF-823F-BC68AA139CDC}.Debug|Any CPU.Build.0 = Debug|Any CPU
		{32FF1A88-7318-4CEF-823F-BC68AA139CDC}.Release|Any CPU.ActiveCfg = Release|Any CPU
		{32FF1A88-7318-4CEF-823F-BC68AA139CDC}.Release|Any CPU.Build.0 = Release|Any CPU
		{8B239CAE-D9EC-4CE6-8139-F00379FC0FCD}.Debug|Any CPU.ActiveCfg = Debug|Any CPU
		{8B239CAE-D9EC-4CE6-8139-F00379FC0FCD}.Debug|Any CPU.Build.0 = Debug|Any CPU
		{8B239CAE-D9EC-4CE6-8139-F00379FC0FCD}.Release|Any CPU.ActiveCfg = Release|Any CPU
		{8B239CAE-D9EC-4CE6-8139-F00379FC0FCD}.Release|Any CPU.Build.0 = Release|Any CPU
	EndGlobalSection
	GlobalSection(SolutionProperties) = preSolution
		HideSolutionNode = FALSE
	EndGlobalSection
	GlobalSection(ExtensibilityGlobals) = postSolution
		SolutionGuid = {9959DC9C-484D-4CE0-AA6D-52AA44E61B5F}
	EndGlobalSection
EndGlobal
